<?xml version="1.0" encoding="utf-8"?>
<Project ToolsVersion="4.0" xmlns="http://schemas.microsoft.com/developer/msbuild/2003">
  <ItemGroup>
    <ClInclude Include="stdafx.h" />
    <ClInclude Include="targetver.h" />
    <ClInclude Include="CoronaInterface.h" />
    <ClInclude Include="CoronaProject.h" />
    <ClInclude Include="MainFrm.h" />
    <ClInclude Include="MessageDlg.h" />
    <ClInclude Include="Resource.h" />
    <ClInclude Include="Simulator.h" />
    <ClInclude Include="SimulatorDoc.h" />
    <ClInclude Include="SimulatorView.h" />
    <ClInclude Include="AboutDlg.h" />
    <ClInclude Include="..\..\shared\Rtt_PlatformDictionaryWrapper.h">
      <Filter>%28root%29\platform\shared</Filter>
    </ClInclude>
    <ClInclude Include="..\..\shared\Rtt_PlatformObjectWrapper.h">
      <Filter>%28root%29\platform\shared</Filter>
    </ClInclude>
    <ClInclude Include="..\..\shared\Rtt_MPlatformServices.h">
      <Filter>%28root%29\platform\shared</Filter>
    </ClInclude>
    <ClInclude Include="..\..\shared\Rtt_TargetDevice.h">
      <Filter>%28root%29\platform\shared</Filter>
    </ClInclude>
    <ClInclude Include="..\..\shared\Rtt_PlatformPlayer.h">
      <Filter>%28root%29\platform\shared</Filter>
    </ClInclude>
    <ClInclude Include="..\..\shared\Rtt_PlatformSimulator.h">
      <Filter>%28root%29\platform\shared</Filter>
    </ClInclude>
    <ClInclude Include="SimulatorMessages.h" />
    <ClInclude Include="Interop\SimulatorRuntimeEnvironment.h">
      <Filter>Interop</Filter>
    </ClInclude>
    <ClInclude Include="SimulatorDocTemplate.h" />
  </ItemGroup>
  <ItemGroup>
    <ClCompile Include="stdafx.cpp" />
    <ClCompile Include="CoronaInterface.cpp" />
    <ClCompile Include="CoronaProject.cpp" />
    <ClCompile Include="MainFrm.cpp" />
    <ClCompile Include="MessageDlg.cpp" />
    <ClCompile Include="Simulator.cpp" />
    <ClCompile Include="SimulatorDoc.cpp" />
    <ClCompile Include="SimulatorView.cpp" />
    <ClCompile Include="AboutDlg.cpp" />
    <ClCompile Include="..\..\shared\Rtt_PlatformDictionaryWrapper.cpp">
      <Filter>%28root%29\platform\shared</Filter>
    </ClCompile>
    <ClCompile Include="..\..\shared\Rtt_PlatformObjectWrapper.cpp">
      <Filter>%28root%29\platform\shared</Filter>
    </ClCompile>
    <ClCompile Include="..\..\shared\Rtt_TargetDevice.cpp">
      <Filter>%28root%29\platform\shared</Filter>
    </ClCompile>
    <ClCompile Include="..\..\shared\Rtt_PlatformPlayer.cpp">
      <Filter>%28root%29\platform\shared</Filter>
    </ClCompile>
    <ClCompile Include="..\..\shared\Rtt_PlatformSimulator.cpp">
      <Filter>%28root%29\platform\shared</Filter>
    </ClCompile>
    <ClCompile Include="Interop\SimulatorRuntimeEnvironment.cpp">
      <Filter>Interop</Filter>
    </ClCompile>
    <ClCompile Include="SimulatorDocTemplate.cpp" />
  </ItemGroup>
  <ItemGroup>
    <Filter Include="res">
      <UniqueIdentifier>{aa41227f-2a0a-4a98-a030-f8d61fe14afb}</UniqueIdentifier>
    </Filter>
    <Filter Include="%28root%29">
      <UniqueIdentifier>{7fbc2e32-fbde-43fa-84d1-74fd12385fd0}</UniqueIdentifier>
    </Filter>
    <Filter Include="%28root%29\platform">
      <UniqueIdentifier>{a4c6cdb8-f3eb-4da4-a53a-98a0afe12497}</UniqueIdentifier>
    </Filter>
    <Filter Include="%28root%29\platform\shared">
      <UniqueIdentifier>{bab6c157-27db-491b-827a-b3dc41580654}</UniqueIdentifier>
    </Filter>
    <Filter Include="%28root%29\platform\resources">
      <UniqueIdentifier>{9243bb47-2a89-4f5d-bebd-8c464dc40021}</UniqueIdentifier>
    </Filter>
    <Filter Include="Interop">
      <UniqueIdentifier>{1c3c8cef-6d13-45db-9ba2-e910f23b8812}</UniqueIdentifier>
    </Filter>
  </ItemGroup>
  <ItemGroup>
    <ResourceCompile Include="Simulator.rc" />
  </ItemGroup>
  <ItemGroup>
    <None Include="res\Simulator.rc2">
      <Filter>res</Filter>
    </None>
  </ItemGroup>
  <ItemGroup>
    <LuaToCpp Include="..\..\resources\shell.lua">
      <Filter>%28root%29\platform\resources</Filter>
    </LuaToCpp>
    <LuaToCpp Include="..\..\resources\CoronaPListSupport.lua">
      <Filter>%28root%29\platform\resources</Filter>
    </LuaToCpp>
  </ItemGroup>
  <ItemGroup>
    <Image Include="res\Simulator.ico">
      <Filter>res</Filter>
    </Image>
  </ItemGroup>
</Project>
